// !$*UTF8*$!
{
	archiveVersion = 1;
	classes = {
	};
	objectVersion = 50;
	objects = {

/* Begin PBXBuildFile section */
		A3A3C6DC221ADA35001D12BF /* AppDelegate.swift in Sources */ = {isa = PBXBuildFile; fileRef = A3A3C6DB221ADA35001D12BF /* AppDelegate.swift */; };
		A3A3C6DE221ADA35001D12BF /* SelectPersonVC.swift in Sources */ = {isa = PBXBuildFile; fileRef = A3A3C6DD221ADA35001D12BF /* SelectPersonVC.swift */; };
		A3A3C6E1221ADA35001D12BF /* Main.storyboard in Resources */ = {isa = PBXBuildFile; fileRef = A3A3C6DF221ADA35001D12BF /* Main.storyboard */; };
		A3A3C6E3221ADA36001D12BF /* Assets.xcassets in Resources */ = {isa = PBXBuildFile; fileRef = A3A3C6E2221ADA36001D12BF /* Assets.xcassets */; };
		A3A3C6E6221ADA36001D12BF /* LaunchScreen.storyboard in Resources */ = {isa = PBXBuildFile; fileRef = A3A3C6E4221ADA36001D12BF /* LaunchScreen.storyboard */; };
		A3A3C6F0221ADCBA001D12BF /* Starjout.ttf in Resources */ = {isa = PBXBuildFile; fileRef = A3A3C6ED221ADCBA001D12BF /* Starjout.ttf */; };
		A3A3C6F1221ADCBA001D12BF /* Starjhol.ttf in Resources */ = {isa = PBXBuildFile; fileRef = A3A3C6EE221ADCBA001D12BF /* Starjhol.ttf */; };
		A3A3C6F2221ADCBA001D12BF /* Starjedi.ttf in Resources */ = {isa = PBXBuildFile; fileRef = A3A3C6EF221ADCBA001D12BF /* Starjedi.ttf */; };
		A3CBBBC9221C1B6E00DEF2C4 /* BlackBgView.swift in Sources */ = {isa = PBXBuildFile; fileRef = A3CBBBC8221C1B6E00DEF2C4 /* BlackBgView.swift */; };
		A3CBBBCC221C1BF600DEF2C4 /* Constants.swift in Sources */ = {isa = PBXBuildFile; fileRef = A3CBBBCB221C1BF600DEF2C4 /* Constants.swift */; };
		A3CBBBCF221D69F900DEF2C4 /* PersonApi.swift in Sources */ = {isa = PBXBuildFile; fileRef = A3CBBBCE221D69F900DEF2C4 /* PersonApi.swift */; };
/* End PBXBuildFile section */

/* Begin PBXFileReference section */
		A3A3C6D8221ADA35001D12BF /* StarTrivia.app */ = {isa = PBXFileReference; explicitFileType = wrapper.application; includeInIndex = 0; path = StarTrivia.app; sourceTree = BUILT_PRODUCTS_DIR; };
		A3A3C6DB221ADA35001D12BF /* AppDelegate.swift */ = {isa = PBXFileReference; lastKnownFileType = sourcecode.swift; path = AppDelegate.swift; sourceTree = "<group>"; };
		A3A3C6DD221ADA35001D12BF /* SelectPersonVC.swift */ = {isa = PBXFileReference; lastKnownFileType = sourcecode.swift; path = SelectPersonVC.swift; sourceTree = "<group>"; };
		A3A3C6E0221ADA35001D12BF /* Base */ = {isa = PBXFileReference; lastKnownFileType = file.storyboard; name = Base; path = Base.lproj/Main.storyboard; sourceTree = "<group>"; };
		A3A3C6E2221ADA36001D12BF /* Assets.xcassets */ = {isa = PBXFileReference; lastKnownFileType = folder.assetcatalog; path = Assets.xcassets; sourceTree = "<group>"; };
		A3A3C6E5221ADA36001D12BF /* Base */ = {isa = PBXFileReference; lastKnownFileType = file.storyboard; name = Base; path = Base.lproj/LaunchScreen.storyboard; sourceTree = "<group>"; };
		A3A3C6E7221ADA36001D12BF /* Info.plist */ = {isa = PBXFileReference; lastKnownFileType = text.plist.xml; path = Info.plist; sourceTree = "<group>"; };
		A3A3C6ED221ADCBA001D12BF /* Starjout.ttf */ = {isa = PBXFileReference; lastKnownFileType = file; path = Starjout.ttf; sourceTree = "<group>"; };
		A3A3C6EE221ADCBA001D12BF /* Starjhol.ttf */ = {isa = PBXFileReference; lastKnownFileType = file; path = Starjhol.ttf; sourceTree = "<group>"; };
		A3A3C6EF221ADCBA001D12BF /* Starjedi.ttf */ = {isa = PBXFileReference; lastKnownFileType = file; path = Starjedi.ttf; sourceTree = "<group>"; };
		A3CBBBC8221C1B6E00DEF2C4 /* BlackBgView.swift */ = {isa = PBXFileReference; lastKnownFileType = sourcecode.swift; path = BlackBgView.swift; sourceTree = "<group>"; };
		A3CBBBCB221C1BF600DEF2C4 /* Constants.swift */ = {isa = PBXFileReference; lastKnownFileType = sourcecode.swift; path = Constants.swift; sourceTree = "<group>"; };
		A3CBBBCE221D69F900DEF2C4 /* PersonApi.swift */ = {isa = PBXFileReference; lastKnownFileType = sourcecode.swift; path = PersonApi.swift; sourceTree = "<group>"; };
/* End PBXFileReference section */

/* Begin PBXFrameworksBuildPhase section */
		A3A3C6D5221ADA35001D12BF /* Frameworks */ = {
			isa = PBXFrameworksBuildPhase;
			buildActionMask = 2147483647;
			files = (
			);
			runOnlyForDeploymentPostprocessing = 0;
		};
/* End PBXFrameworksBuildPhase section */

/* Begin PBXGroup section */
		A3A3C6CF221ADA35001D12BF = {
			isa = PBXGroup;
			children = (
				A3A3C6DA221ADA35001D12BF /* StarTrivia */,
				A3A3C6D9221ADA35001D12BF /* Products */,
			);
			sourceTree = "<group>";
		};
		A3A3C6D9221ADA35001D12BF /* Products */ = {
			isa = PBXGroup;
			children = (
				A3A3C6D8221ADA35001D12BF /* StarTrivia.app */,
			);
			name = Products;
			sourceTree = "<group>";
		};
		A3A3C6DA221ADA35001D12BF /* StarTrivia */ = {
			isa = PBXGroup;
			children = (
				A3A3C6F7221ADCE8001D12BF /* Model */,
				A3A3C6F6221ADCE3001D12BF /* View */,
				A3A3C6F5221ADCDC001D12BF /* Controller */,
				A3CBBBCD221D69C900DEF2C4 /* Services */,
				A3CBBBCA221C1BD900DEF2C4 /* Utils */,
				A3A3C6F4221ADCCC001D12BF /* Resources */,
				A3A3C6DF221ADA35001D12BF /* Main.storyboard */,
				A3A3C6E2221ADA36001D12BF /* Assets.xcassets */,
				A3A3C6E4221ADA36001D12BF /* LaunchScreen.storyboard */,
				A3A3C6E7221ADA36001D12BF /* Info.plist */,
			);
			path = StarTrivia;
			sourceTree = "<group>";
		};
		A3A3C6F3221ADCC1001D12BF /* Fonts */ = {
			isa = PBXGroup;
			children = (
				A3A3C6EF221ADCBA001D12BF /* Starjedi.ttf */,
				A3A3C6EE221ADCBA001D12BF /* Starjhol.ttf */,
				A3A3C6ED221ADCBA001D12BF /* Starjout.ttf */,
			);
			path = Fonts;
			sourceTree = "<group>";
		};
		A3A3C6F4221ADCCC001D12BF /* Resources */ = {
			isa = PBXGroup;
			children = (
				A3A3C6F3221ADCC1001D12BF /* Fonts */,
			);
			path = Resources;
			sourceTree = "<group>";
		};
		A3A3C6F5221ADCDC001D12BF /* Controller */ = {
			isa = PBXGroup;
			children = (
				A3A3C6DB221ADA35001D12BF /* AppDelegate.swift */,
				A3A3C6DD221ADA35001D12BF /* SelectPersonVC.swift */,
			);
			path = Controller;
			sourceTree = "<group>";
		};
		A3A3C6F6221ADCE3001D12BF /* View */ = {
			isa = PBXGroup;
			children = (
				A3CBBBC8221C1B6E00DEF2C4 /* BlackBgView.swift */,
			);
			path = View;
			sourceTree = "<group>";
		};
		A3A3C6F7221ADCE8001D12BF /* Model */ = {
			isa = PBXGroup;
			children = (
			);
			path = Model;
			sourceTree = "<group>";
		};
		A3CBBBCA221C1BD900DEF2C4 /* Utils */ = {
			isa = PBXGroup;
			children = (
				A3CBBBCB221C1BF600DEF2C4 /* Constants.swift */,
			);
			path = Utils;
			sourceTree = "<group>";
		};
		A3CBBBCD221D69C900DEF2C4 /* Services */ = {
			isa = PBXGroup;
			children = (
				A3CBBBCE221D69F900DEF2C4 /* PersonApi.swift */,
			);
			path = Services;
			sourceTree = "<group>";
		};
/* End PBXGroup section */

/* Begin PBXNativeTarget section */
		A3A3C6D7221ADA35001D12BF /* StarTrivia */ = {
			isa = PBXNativeTarget;
			buildConfigurationList = A3A3C6EA221ADA36001D12BF /* Build configuration list for PBXNativeTarget "StarTrivia" */;
			buildPhases = (
				A3A3C6D4221ADA35001D12BF /* Sources */,
				A3A3C6D5221ADA35001D12BF /* Frameworks */,
				A3A3C6D6221ADA35001D12BF /* Resources */,
			);
			buildRules = (
			);
			dependencies = (
			);
			name = StarTrivia;
			productName = StarTrivia;
			productReference = A3A3C6D8221ADA35001D12BF /* StarTrivia.app */;
			productType = "com.apple.product-type.application";
		};
/* End PBXNativeTarget section */

/* Begin PBXProject section */
		A3A3C6D0221ADA35001D12BF /* Project object */ = {
			isa = PBXProject;
			attributes = {
				LastSwiftUpdateCheck = 1010;
				LastUpgradeCheck = 1010;
				ORGANIZATIONNAME = "Nicholas Coggin";
				TargetAttributes = {
					A3A3C6D7221ADA35001D12BF = {
						CreatedOnToolsVersion = 10.1;
					};
				};
			};
			buildConfigurationList = A3A3C6D3221ADA35001D12BF /* Build configuration list for PBXProject "StarTrivia" */;
			compatibilityVersion = "Xcode 9.3";
			developmentRegion = en;
			hasScannedForEncodings = 0;
			knownRegions = (
				en,
				Base,
			);
			mainGroup = A3A3C6CF221ADA35001D12BF;
			productRefGroup = A3A3C6D9221ADA35001D12BF /* Products */;
			projectDirPath = "";
			projectRoot = "";
			targets = (
				A3A3C6D7221ADA35001D12BF /* StarTrivia */,
			);
		};
/* End PBXProject section */

/* Begin PBXResourcesBuildPhase section */
		A3A3C6D6221ADA35001D12BF /* Resources */ = {
			isa = PBXResourcesBuildPhase;
			buildActionMask = 2147483647;
			files = (
				A3A3C6F0221ADCBA001D12BF /* Starjout.ttf in Resources */,
				A3A3C6E6221ADA36001D12BF /* LaunchScreen.storyboard in Resources */,
				A3A3C6E3221ADA36001D12BF /* Assets.xcassets in Resources */,
				A3A3C6F1221ADCBA001D12BF /* Starjhol.ttf in Resources */,
				A3A3C6F2221ADCBA001D12BF /* Starjedi.ttf in Resources */,
				A3A3C6E1221ADA35001D12BF /* Main.storyboard in Resources */,
			);
			runOnlyForDeploymentPostprocessing = 0;
		};
/* End PBXResourcesBuildPhase section */

/* Begin PBXSourcesBuildPhase section */
		A3A3C6D4221ADA35001D12BF /* Sources */ = {
			isa = PBXSourcesBuildPhase;
			buildActionMask = 2147483647;
			files = (
				A3A3C6DE221ADA35001D12BF /* SelectPersonVC.swift in Sources */,
				A3A3C6DC221ADA35001D12BF /* AppDelegate.swift in Sources */,
				A3CBBBC9221C1B6E00DEF2C4 /* BlackBgView.swift in Sources */,
				A3CBBBCF221D69F900DEF2C4 /* PersonApi.swift in Sources */,
				A3CBBBCC221C1BF600DEF2C4 /* Constants.swift in Sources */,
			);
			runOnlyForDeploymentPostprocessing = 0;
		};
/* End PBXSourcesBuildPhase section */

/* Begin PBXVariantGroup section */
		A3A3C6DF221ADA35001D12BF /* Main.storyboard */ = {
			isa = PBXVariantGroup;
			children = (
				A3A3C6E0221ADA35001D12BF /* Base */,
			);
			name = Main.storyboard;
			sourceTree = "<group>";
		};
		A3A3C6E4221ADA36001D12BF /* LaunchScreen.storyboard */ = {
			isa = PBXVariantGroup;
			children = (
				A3A3C6E5221ADA36001D12BF /* Base */,
			);
			name = LaunchScreen.storyboard;
			sourceTree = "<group>";
		};
/* End PBXVariantGroup section */

/* Begin XCBuildConfiguration section */
		A3A3C6E8221ADA36001D12BF /* Debug */ = {
			isa = XCBuildConfiguration;
			buildSettings = {
				ALWAYS_SEARCH_USER_PATHS = NO;
				CLANG_ANALYZER_NONNULL = YES;
				CLANG_ANALYZER_NUMBER_OBJECT_CONVERSION = YES_AGGRESSIVE;
				CLANG_CXX_LANGUAGE_STANDARD = "gnu++14";
				CLANG_CXX_LIBRARY = "libc++";
				CLANG_ENABLE_MODULES = YES;
				CLANG_ENABLE_OBJC_ARC = YES;
				CLANG_ENABLE_OBJC_WEAK = YES;
				CLANG_WARN_BLOCK_CAPTURE_AUTORELEASING = YES;
				CLANG_WARN_BOOL_CONVERSION = YES;
				CLANG_WARN_COMMA = YES;
				CLANG_WARN_CONSTANT_CONVERSION = YES;
				CLANG_WARN_DEPRECATED_OBJC_IMPLEMENTATIONS = YES;
				CLANG_WARN_DIRECT_OBJC_ISA_USAGE = YES_ERROR;
				CLANG_WARN_DOCUMENTATION_COMMENTS = YES;
				CLANG_WARN_EMPTY_BODY = YES;
				CLANG_WARN_ENUM_CONVERSION = YES;
				CLANG_WARN_INFINITE_RECURSION = YES;
				CLANG_WARN_INT_CONVERSION = YES;
				CLANG_WARN_NON_LITERAL_NULL_CONVERSION = YES;
				CLANG_WARN_OBJC_IMPLICIT_RETAIN_SELF = YES;
				CLANG_WARN_OBJC_LITERAL_CONVERSION = YES;
				CLANG_WARN_OBJC_ROOT_CLASS = YES_ERROR;
				CLANG_WARN_RANGE_LOOP_ANALYSIS = YES;
				CLANG_WARN_STRICT_PROTOTYPES = YES;
				CLANG_WARN_SUSPICIOUS_MOVE = YES;
				CLANG_WARN_UNGUARDED_AVAILABILITY = YES_AGGRESSIVE;
				CLANG_WARN_UNREACHABLE_CODE = YES;
				CLANG_WARN__DUPLICATE_METHOD_MATCH = YES;
				CODE_SIGN_IDENTITY = "iPhone Developer";
				COPY_PHASE_STRIP = NO;
				DEBUG_INFORMATION_FORMAT = dwarf;
				ENABLE_STRICT_OBJC_MSGSEND = YES;
				ENABLE_TESTABILITY = YES;
				GCC_C_LANGUAGE_STANDARD = gnu11;
				GCC_DYNAMIC_NO_PIC = NO;
				GCC_NO_COMMON_BLOCKS = YES;
				GCC_OPTIMIZATION_LEVEL = 0;
				GCC_PREPROCESSOR_DEFINITIONS = (
					"DEBUG=1",
					"$(inherited)",
				);
				GCC_WARN_64_TO_32_BIT_CONVERSION = YES;
				GCC_WARN_ABOUT_RETURN_TYPE = YES_ERROR;
				GCC_WARN_UNDECLARED_SELECTOR = YES;
				GCC_WARN_UNINITIALIZED_AUTOS = YES_AGGRESSIVE;
				GCC_WARN_UNUSED_FUNCTION = YES;
				GCC_WARN_UNUSED_VARIABLE = YES;
				IPHONEOS_DEPLOYMENT_TARGET = 12.1;
				MTL_ENABLE_DEBUG_INFO = INCLUDE_SOURCE;
				MTL_FAST_MATH = YES;
				ONLY_ACTIVE_ARCH = YES;
				SDKROOT = iphoneos;
				SWIFT_ACTIVE_COMPILATION_CONDITIONS = DEBUG;
				SWIFT_OPTIMIZATION_LEVEL = "-Onone";
			};
			name = Debug;
		};
		A3A3C6E9221ADA36001D12BF /* Release */ = {
			isa = XCBuildConfiguration;
			buildSettings = {
				ALWAYS_SEARCH_USER_PATHS = NO;
				CLANG_ANALYZER_NONNULL = YES;
				CLANG_ANALYZER_NUMBER_OBJECT_CONVERSION = YES_AGGRESSIVE;
				CLANG_CXX_LANGUAGE_STANDARD = "gnu++14";
				CLANG_CXX_LIBRARY = "libc++";
				CLANG_ENABLE_MODULES = YES;
				CLANG_ENABLE_OBJC_ARC = YES;
				CLANG_ENABLE_OBJC_WEAK = YES;
				CLANG_WARN_BLOCK_CAPTURE_AUTORELEASING = YES;
				CLANG_WARN_BOOL_CONVERSION = YES;
				CLANG_WARN_COMMA = YES;
				CLANG_WARN_CONSTANT_CONVERSION = YES;
				CLANG_WARN_DEPRECATED_OBJC_IMPLEMENTATIONS = YES;
				CLANG_WARN_DIRECT_OBJC_ISA_USAGE = YES_ERROR;
				CLANG_WARN_DOCUMENTATION_COMMENTS = YES;
				CLANG_WARN_EMPTY_BODY = YES;
				CLANG_WARN_ENUM_CONVERSION = YES;
				CLANG_WARN_INFINITE_RECURSION = YES;
				CLANG_WARN_INT_CONVERSION = YES;
				CLANG_WARN_NON_LITERAL_NULL_CONVERSION = YES;
				CLANG_WARN_OBJC_IMPLICIT_RETAIN_SELF = YES;
				CLANG_WARN_OBJC_LITERAL_CONVERSION = YES;
				CLANG_WARN_OBJC_ROOT_CLASS = YES_ERROR;
				CLANG_WARN_RANGE_LOOP_ANALYSIS = YES;
				CLANG_WARN_STRICT_PROTOTYPES = YES;
				CLANG_WARN_SUSPICIOUS_MOVE = YES;
				CLANG_WARN_UNGUARDED_AVAILABILITY = YES_AGGRESSIVE;
				CLANG_WARN_UNREACHABLE_CODE = YES;
				CLANG_WARN__DUPLICATE_METHOD_MATCH = YES;
				CODE_SIGN_IDENTITY = "iPhone Developer";
				COPY_PHASE_STRIP = NO;
				DEBUG_INFORMATION_FORMAT = "dwarf-with-dsym";
				ENABLE_NS_ASSERTIONS = NO;
				ENABLE_STRICT_OBJC_MSGSEND = YES;
				GCC_C_LANGUAGE_STANDARD = gnu11;
				GCC_NO_COMMON_BLOCKS = YES;
				GCC_WARN_64_TO_32_BIT_CONVERSION = YES;
				GCC_WARN_ABOUT_RETURN_TYPE = YES_ERROR;
				GCC_WARN_UNDECLARED_SELECTOR = YES;
				GCC_WARN_UNINITIALIZED_AUTOS = YES_AGGRESSIVE;
				GCC_WARN_UNUSED_FUNCTION = YES;
				GCC_WARN_UNUSED_VARIABLE = YES;
				IPHONEOS_DEPLOYMENT_TARGET = 12.1;
				MTL_ENABLE_DEBUG_INFO = NO;
				MTL_FAST_MATH = YES;
				SDKROOT = iphoneos;
				SWIFT_COMPILATION_MODE = wholemodule;
				SWIFT_OPTIMIZATION_LEVEL = "-O";
				VALIDATE_PRODUCT = YES;
			};
			name = Release;
		};
		A3A3C6EB221ADA36001D12BF /* Debug */ = {
			isa = XCBuildConfiguration;
			buildSettings = {
				ASSETCATALOG_COMPILER_APPICON_NAME = AppIcon;
				CODE_SIGN_STYLE = Automatic;
				DEVELOPMENT_TEAM = BVR98QBCX2;
				INFOPLIST_FILE = StarTrivia/Info.plist;
				LD_RUNPATH_SEARCH_PATHS = (
					"$(inherited)",
					"@executable_path/Frameworks",
				);
				PRODUCT_BUNDLE_IDENTIFIER = CogDev.StarTrivia;
				PRODUCT_NAME = "$(TARGET_NAME)";
				SWIFT_VERSION = 4.2;
				TARGETED_DEVICE_FAMILY = "1,2";
			};
			name = Debug;
		};
		A3A3C6EC221ADA36001D12BF /* Release */ = {
			isa = XCBuildConfiguration;
			buildSettings = {
				ASSETCATALOG_COMPILER_APPICON_NAME = AppIcon;
				CODE_SIGN_STYLE = Automatic;
				DEVELOPMENT_TEAM = BVR98QBCX2;
				INFOPLIST_FILE = StarTrivia/Info.plist;
				LD_RUNPATH_SEARCH_PATHS = (
					"$(inherited)",
					"@executable_path/Frameworks",
				);
				PRODUCT_BUNDLE_IDENTIFIER = CogDev.StarTrivia;
				PRODUCT_NAME = "$(TARGET_NAME)";
				SWIFT_VERSION = 4.2;
				TARGETED_DEVICE_FAMILY = "1,2";
			};
			name = Release;
		};
/* End XCBuildConfiguration section */

/* Begin XCConfigurationList section */
		A3A3C6D3221ADA35001D12BF /* Build configuration list for PBXProject "StarTrivia" */ = {
			isa = XCConfigurationList;
			buildConfigurations = (
				A3A3C6E8221ADA36001D12BF /* Debug */,
				A3A3C6E9221ADA36001D12BF /* Release */,
			);
			defaultConfigurationIsVisible = 0;
			defaultConfigurationName = Release;
		};
		A3A3C6EA221ADA36001D12BF /* Build configuration list for PBXNativeTarget "StarTrivia" */ = {
			isa = XCConfigurationList;
			buildConfigurations = (
				A3A3C6EB221ADA36001D12BF /* Debug */,
				A3A3C6EC221ADA36001D12BF /* Release */,
			);
			defaultConfigurationIsVisible = 0;
			defaultConfigurationName = Release;
		};
/* End XCConfigurationList section */
	};
	rootObject = A3A3C6D0221ADA35001D12BF /* Project object */;
}
